
Microsoft Visual Studio Solution File, Format Version 12.00
# Visual Studio Version 17
VisualStudioVersion = 17.6.33829.357
MinimumVisualStudioVersion = 10.0.40219.1
Project("{8BC9CEB8-8B4A-11D0-8D11-00A0C91BC942}") = "M4_L12_Task_2(dynamic_lib)", "M4_L12_Task_2(dynamic_lib+client).vcxproj", "{747F812F-77D5-4D0D-8DBE-69EABE3E681C}"
EndProject
Project("{8BC9CEB8-8B4A-11D0-8D11-00A0C91BC942}") = "M4_L12_Task_2(LeaverClient)", "LeaverClient\LeaverClient.vcxproj", "{EC7B1F14-6E9C-4C57-8E22-69346628D586}"
EndProject
Global
	GlobalSection(SolutionConfigurationPlatforms) = preSolution
		Debug|x64 = Debug|x64
		Debug|x86 = Debug|x86
		Release|x64 = Release|x64
		Release|x86 = Release|x86
	EndGlobalSection
	GlobalSection(ProjectConfigurationPlatforms) = postSolution
		{747F812F-77D5-4D0D-8DBE-69EABE3E681C}.Debug|x64.ActiveCfg = Debug|x64
		{747F812F-77D5-4D0D-8DBE-69EABE3E681C}.Debug|x64.Build.0 = Debug|x64
		{747F812F-77D5-4D0D-8DBE-69EABE3E681C}.Debug|x86.ActiveCfg = Debug|Win32
		{747F812F-77D5-4D0D-8DBE-69EABE3E681C}.Debug|x86.Build.0 = Debug|Win32
		{747F812F-77D5-4D0D-8DBE-69EABE3E681C}.Release|x64.ActiveCfg = Release|x64
		{747F812F-77D5-4D0D-8DBE-69EABE3E681C}.Release|x64.Build.0 = Release|x64
		{747F812F-77D5-4D0D-8DBE-69EABE3E681C}.Release|x86.ActiveCfg = Release|Win32
		{747F812F-77D5-4D0D-8DBE-69EABE3E681C}.Release|x86.Build.0 = Release|Win32
		{EC7B1F14-6E9C-4C57-8E22-69346628D586}.Debug|x64.ActiveCfg = Debug|x64
		{EC7B1F14-6E9C-4C57-8E22-69346628D586}.Debug|x64.Build.0 = Debug|x64
		{EC7B1F14-6E9C-4C57-8E22-69346628D586}.Debug|x86.ActiveCfg = Debug|Win32
		{EC7B1F14-6E9C-4C57-8E22-69346628D586}.Debug|x86.Build.0 = Debug|Win32
		{EC7B1F14-6E9C-4C57-8E22-69346628D586}.Release|x64.ActiveCfg = Release|x64
		{EC7B1F14-6E9C-4C57-8E22-69346628D586}.Release|x64.Build.0 = Release|x64
		{EC7B1F14-6E9C-4C57-8E22-69346628D586}.Release|x86.ActiveCfg = Release|Win32
		{EC7B1F14-6E9C-4C57-8E22-69346628D586}.Release|x86.Build.0 = Release|Win32
	EndGlobalSection
	GlobalSection(SolutionProperties) = preSolution
		HideSolutionNode = FALSE
	EndGlobalSection
	GlobalSection(ExtensibilityGlobals) = postSolution
		SolutionGuid = {B2E704D7-F518-4D98-B6A4-22340C5D92D2}
	EndGlobalSection
EndGlobal
